
Microsoft Visual Studio Solution File, Format Version 12.00
# Visual Studio Version 16
VisualStudioVersion = 16.0.28803.352
MinimumVisualStudioVersion = 10.0.40219.1
Project("{8BC9CEB8-8B4A-11D0-8D11-00A0C91BC942}") = "FizzBuzz CPlusPlus", "FizzBuzz CPlusPlus.vcxproj", "{4D65FDD6-57D9-43C9-9DA7-089155922FBE}"
EndProject
Global
	GlobalSection(SolutionConfigurationPlatforms) = preSolution
		Debug|x64 = Debug|x64
		Debug|x86 = Debug|x86
		Release|x64 = Release|x64
		Release|x86 = Release|x86
	EndGlobalSection
	GlobalSection(ProjectConfigurationPlatforms) = postSolution
		{4D65FDD6-57D9-43C9-9DA7-089155922FBE}.Debug|x64.ActiveCfg = Debug|x64
		{4D65FDD6-57D9-43C9-9DA7-089155922FBE}.Debug|x64.Build.0 = Debug|x64
		{4D65FDD6-57D9-43C9-9DA7-089155922FBE}.Debug|x86.ActiveCfg = Debug|Win32
		{4D65FDD6-57D9-43C9-9DA7-089155922FBE}.Debug|x86.Build.0 = Debug|Win32
		{4D65FDD6-57D9-43C9-9DA7-089155922FBE}.Release|x64.ActiveCfg = Release|x64
		{4D65FDD6-57D9-43C9-9DA7-089155922FBE}.Release|x64.Build.0 = Release|x64
		{4D65FDD6-57D9-43C9-9DA7-089155922FBE}.Release|x86.ActiveCfg = Release|Win32
		{4D65FDD6-57D9-43C9-9DA7-089155922FBE}.Release|x86.Build.0 = Release|Win32
	EndGlobalSection
	GlobalSection(SolutionProperties) = preSolution
		HideSolutionNode = FALSE
	EndGlobalSection
	GlobalSection(ExtensibilityGlobals) = postSolution
		SolutionGuid = {AA54B39C-0099-4089-A098-1121C909476D}
	EndGlobalSection
EndGlobal
